{
  "name": "@stats/bench",
  "version": "0.1.0",
  "lockfileVersion": 3,
  "requires": true,
  "packages": {
    "": {
      "name": "@stats/bench",
      "version": "0.1.0",
      "dependencies": {
        "@stats/core": "file:../package",
        "jstat": "^1.9.5"
      }
    },
    "../package": {
      "name": "@addmaple/stats",
      "version": "0.1.1",
      "license": "MIT",
      "dependencies": {
        "wasm-feature-detect": "^1.5.0"
      },
      "devDependencies": {
        "@types/node": "^20.0.0",
        "esbuild": "^0.27.0",
        "typescript": "^5.0.0"
      }
    },
    "node_modules/@stats/core": {
      "resolved": "../package",
      "link": true
    },
    "node_modules/jstat": {
      "version": "1.9.6",
      "resolved": "https://registry.npmjs.org/jstat/-/jstat-1.9.6.tgz",
      "integrity": "sha512-rPBkJbK2TnA8pzs93QcDDPlKcrtZWuuCo2dVR0TFLOJSxhqfWOVCSp8aV3/oSbn+4uY4yw1URtLpHQedtmXfug=="
    }
  }
}
